<?xml version="1.0" encoding="utf-8"?>
<Project ToolsVersion="4.0" xmlns="http://schemas.microsoft.com/developer/msbuild/2003">
  <ItemGroup>
    <Filter Include="Source Files">
      <UniqueIdentifier>{a2ecc685-d3e4-49f7-877e-f2ac73c310d4}</UniqueIdentifier>
      <Extensions>cpp;c;cxx;rc;def;r;odl;idl;hpj;bat;f90;for;f;fpp</Extensions>
    </Filter>
    <Filter Include="Header Files">
      <UniqueIdentifier>{b08115bb-29df-41d4-acfb-420cc94e2099}</UniqueIdentifier>
      <Extensions>h;hpp;hxx;hm;inl;fi;fd</Extensions>
    </Filter>
    <Filter Include="Resource Files">
      <UniqueIdentifier>{7b4a490b-504c-4dbd-9981-b1b3ceef24e4}</UniqueIdentifier>
      <Extensions>ico;cur;bmp;dlg;rc2;rct;bin;rgs;gif;jpg;jpeg;jpe</Extensions>
    </Filter>
  </ItemGroup>
  <ItemGroup>
    <Library Include="AutoTesterLib.lib" />
  </ItemGroup>
  <ItemGroup>
    <ClCompile Include="spa source\Parent.cpp">
      <Filter>Source Files</Filter>
    </ClCompile>
    <ClCompile Include="spa source\PKB.cpp">
      <Filter>Source Files</Filter>
    </ClCompile>
    <ClCompile Include="spa source\PQLContoller.cpp">
      <Filter>Source Files</Filter>
    </ClCompile>
    <ClCompile Include="spa source\PreProcessor.cpp">
      <Filter>Source Files</Filter>
    </ClCompile>
    <ClCompile Include="spa source\queryTree.cpp">
      <Filter>Source Files</Filter>
    </ClCompile>
    <ClCompile Include="spa source\SimpleParser.cpp">
      <Filter>Source Files</Filter>
    </ClCompile>
    <ClCompile Include="spa source\TNode.cpp">
      <Filter>Source Files</Filter>
    </ClCompile>
    <ClCompile Include="spa source\Uses.cpp">
      <Filter>Source Files</Filter>
    </ClCompile>
    <ClCompile Include="spa source\VarTable.cpp">
      <Filter>Source Files</Filter>
    </ClCompile>
    <ClCompile Include="spa source\AST.cpp">
      <Filter>Source Files</Filter>
    </ClCompile>
    <ClCompile Include="spa source\evaluator.cpp">
      <Filter>Source Files</Filter>
    </ClCompile>
    <ClCompile Include="spa source\Follows.cpp">
      <Filter>Source Files</Filter>
    </ClCompile>
    <ClCompile Include="TestWrapper.cpp">
      <Filter>Source Files</Filter>
    </ClCompile>
    <ClCompile Include="spa source\Modifies.cpp">
      <Filter>Source Files</Filter>
    </ClCompile>
    <ClCompile Include="spa source\Table.cpp">
      <Filter>Source Files</Filter>
    </ClCompile>
    <ClCompile Include="spa source\Calls.cpp">
      <Filter>Source Files</Filter>
    </ClCompile>
    <ClCompile Include="spa source\CFG.cpp">
      <Filter>Source Files</Filter>
    </ClCompile>
    <ClCompile Include="spa source\DesignExtractor.cpp">
      <Filter>Source Files</Filter>
    </ClCompile>
    <ClCompile Include="spa source\ProcTable.cpp">
      <Filter>Source Files</Filter>
    </ClCompile>
  </ItemGroup>
  <ItemGroup>
    <ClInclude Include="spa source\PQLController.h">
      <Filter>Header Files</Filter>
    </ClInclude>
    <ClInclude Include="spa source\PreProcessor.h">
      <Filter>Header Files</Filter>
    </ClInclude>
    <ClInclude Include="spa source\queryTree.h">
      <Filter>Header Files</Filter>
    </ClInclude>
    <ClInclude Include="spa source\SimpleParser.h">
      <Filter>Header Files</Filter>
    </ClInclude>
    <ClInclude Include="spa source\TNode.h">
      <Filter>Header Files</Filter>
    </ClInclude>
    <ClInclude Include="spa source\Uses.h">
      <Filter>Header Files</Filter>
    </ClInclude>
    <ClInclude Include="spa source\VarTable.h">
      <Filter>Header Files</Filter>
    </ClInclude>
    <ClInclude Include="spa source\AST.h">
      <Filter>Header Files</Filter>
    </ClInclude>
    <ClInclude Include="spa source\evaluator.h">
      <Filter>Header Files</Filter>
    </ClInclude>
    <ClInclude Include="spa source\Follows.h">
      <Filter>Header Files</Filter>
    </ClInclude>
    <ClInclude Include="spa source\Modifies.h">
      <Filter>Header Files</Filter>
    </ClInclude>
    <ClInclude Include="spa source\Parent.h">
      <Filter>Header Files</Filter>
    </ClInclude>
    <ClInclude Include="TestWrapper.h">
      <Filter>Header Files</Filter>
    </ClInclude>
    <ClInclude Include="spa source\Table.h">
      <Filter>Header Files</Filter>
    </ClInclude>
    <ClInclude Include="spa source\Calls.h">
      <Filter>Header Files</Filter>
    </ClInclude>
    <ClInclude Include="spa source\CFG.h">
      <Filter>Header Files</Filter>
    </ClInclude>
    <ClInclude Include="spa source\DesignExtractor.h">
      <Filter>Header Files</Filter>
    </ClInclude>
    <ClInclude Include="spa source\PKB.h">
      <Filter>Header Files</Filter>
    </ClInclude>
    <ClInclude Include="spa source\ProcTable.h">
      <Filter>Header Files</Filter>
    </ClInclude>
  </ItemGroup>
</Project>